{
  "name": "shared-lib",
  "version": "1.0.0",
  "lockfileVersion": 3,
  "requires": true,
  "packages": {
    "": {
      "name": "shared-lib",
      "version": "1.0.0",
      "license": "MIT",
      "dependencies": {
        "shared-lib": "file:"
      }
    },
    "node_modules/shared-lib": {
      "resolved": "",
      "link": true
    }
  }
}
