{
  "name": "shared-config",
  "version": "1.0.0",
  "lockfileVersion": 3,
  "requires": true,
  "packages": {
    "": {
      "name": "shared-config",
      "version": "1.0.0",
      "license": "MIT",
      "dependencies": {
        "shared-config": "file:"
      }
    },
    "node_modules/shared-config": {
      "resolved": "",
      "link": true
    }
  }
}
